
Microsoft Visual Studio Solution File, Format Version 12.00
# Visual Studio Version 17
VisualStudioVersion = 17.0.31912.275
MinimumVisualStudioVersion = 10.0.40219.1
Project("{9A19103F-16F7-4668-BE54-9A1E7A4F7556}") = "PhoneInfo.API", "PhoneInfo.API\PhoneInfo.API.csproj", "{99B7FA2F-EB4E-4ABE-AAAC-C520E346451A}"
EndProject
Project("{9A19103F-16F7-4668-BE54-9A1E7A4F7556}") = "PhoneInfo.API.Domain", "PhoneInfo.API.Core\PhoneInfo.API.Domain.csproj", "{EF32B2A5-6660-4142-9674-BC7689A992DF}"
EndProject
Project("{9A19103F-16F7-4668-BE54-9A1E7A4F7556}") = "PhoneInfo.API.Application", "PhoneInfo.API.Application\PhoneInfo.API.Application.csproj", "{8D794BA8-6A1D-49CB-9F10-13B1E366BD66}"
EndProject
Project("{9A19103F-16F7-4668-BE54-9A1E7A4F7556}") = "PhoneInfo.API.Infrastructure", "PhoneInfo.API.Infrastructure\PhoneInfo.API.Infrastructure.csproj", "{CF4DA124-364E-4E46-A725-AAED7B30B56D}"
EndProject
Project("{FAE04EC0-301F-11D3-BF4B-00C04F79EFBC}") = "PhoneInfo.API.Tests", "PhoneInfo.API.Tests\PhoneInfo.API.Tests.csproj", "{FEEC96A7-0587-4A6C-9B41-1E9E84F515A0}"
EndProject
Global
	GlobalSection(SolutionConfigurationPlatforms) = preSolution
		Debug|Any CPU = Debug|Any CPU
		Release|Any CPU = Release|Any CPU
	EndGlobalSection
	GlobalSection(ProjectConfigurationPlatforms) = postSolution
		{99B7FA2F-EB4E-4ABE-AAAC-C520E346451A}.Debug|Any CPU.ActiveCfg = Debug|Any CPU
		{99B7FA2F-EB4E-4ABE-AAAC-C520E346451A}.Debug|Any CPU.Build.0 = Debug|Any CPU
		{99B7FA2F-EB4E-4ABE-AAAC-C520E346451A}.Release|Any CPU.ActiveCfg = Release|Any CPU
		{99B7FA2F-EB4E-4ABE-AAAC-C520E346451A}.Release|Any CPU.Build.0 = Release|Any CPU
		{EF32B2A5-6660-4142-9674-BC7689A992DF}.Debug|Any CPU.ActiveCfg = Debug|Any CPU
		{EF32B2A5-6660-4142-9674-BC7689A992DF}.Debug|Any CPU.Build.0 = Debug|Any CPU
		{EF32B2A5-6660-4142-9674-BC7689A992DF}.Release|Any CPU.ActiveCfg = Release|Any CPU
		{EF32B2A5-6660-4142-9674-BC7689A992DF}.Release|Any CPU.Build.0 = Release|Any CPU
		{8D794BA8-6A1D-49CB-9F10-13B1E366BD66}.Debug|Any CPU.ActiveCfg = Debug|Any CPU
		{8D794BA8-6A1D-49CB-9F10-13B1E366BD66}.Debug|Any CPU.Build.0 = Debug|Any CPU
		{8D794BA8-6A1D-49CB-9F10-13B1E366BD66}.Release|Any CPU.ActiveCfg = Release|Any CPU
		{8D794BA8-6A1D-49CB-9F10-13B1E366BD66}.Release|Any CPU.Build.0 = Release|Any CPU
		{CF4DA124-364E-4E46-A725-AAED7B30B56D}.Debug|Any CPU.ActiveCfg = Debug|Any CPU
		{CF4DA124-364E-4E46-A725-AAED7B30B56D}.Debug|Any CPU.Build.0 = Debug|Any CPU
		{CF4DA124-364E-4E46-A725-AAED7B30B56D}.Release|Any CPU.ActiveCfg = Release|Any CPU
		{CF4DA124-364E-4E46-A725-AAED7B30B56D}.Release|Any CPU.Build.0 = Release|Any CPU
		{FEEC96A7-0587-4A6C-9B41-1E9E84F515A0}.Debug|Any CPU.ActiveCfg = Debug|Any CPU
		{FEEC96A7-0587-4A6C-9B41-1E9E84F515A0}.Debug|Any CPU.Build.0 = Debug|Any CPU
		{FEEC96A7-0587-4A6C-9B41-1E9E84F515A0}.Release|Any CPU.ActiveCfg = Release|Any CPU
		{FEEC96A7-0587-4A6C-9B41-1E9E84F515A0}.Release|Any CPU.Build.0 = Release|Any CPU
	EndGlobalSection
	GlobalSection(SolutionProperties) = preSolution
		HideSolutionNode = FALSE
	EndGlobalSection
	GlobalSection(ExtensibilityGlobals) = postSolution
		SolutionGuid = {5F2F5049-2DE2-41AD-BD42-F817598DEB95}
	EndGlobalSection
EndGlobal
